
Microsoft Visual Studio Solution File, Format Version 12.00
# Visual Studio 15
Project("{FAE04EC0-301F-11D3-BF4B-00C04F79EFBC}") = "Akuntansi.Android", "Akuntansi.Android\Akuntansi.Android.csproj", "{D843B683-C719-4B81-93EB-737591E6FD16}"
EndProject
Project("{FAE04EC0-301F-11D3-BF4B-00C04F79EFBC}") = "Akuntansi.iOS", "Akuntansi.iOS\Akuntansi.iOS.csproj", "{61B8C96D-307C-43EC-B40B-E4A3BA449A73}"
EndProject
Project("{FAE04EC0-301F-11D3-BF4B-00C04F79EFBC}") = "Akuntansi", "Akuntansi\Akuntansi.csproj", "{3232F31E-2F48-44ED-8129-A4EF9F746D5D}"
EndProject
Global
	GlobalSection(SolutionConfigurationPlatforms) = preSolution
		Debug|Any CPU = Debug|Any CPU
		Release|Any CPU = Release|Any CPU
		Debug|iPhoneSimulator = Debug|iPhoneSimulator
		Release|iPhoneSimulator = Release|iPhoneSimulator
		Debug|iPhone = Debug|iPhone
		Release|iPhone = Release|iPhone
	EndGlobalSection
	GlobalSection(ProjectConfigurationPlatforms) = postSolution
		{D843B683-C719-4B81-93EB-737591E6FD16}.Debug|Any CPU.ActiveCfg = Debug|Any CPU
		{D843B683-C719-4B81-93EB-737591E6FD16}.Debug|Any CPU.Build.0 = Debug|Any CPU
		{D843B683-C719-4B81-93EB-737591E6FD16}.Release|Any CPU.ActiveCfg = Release|Any CPU
		{D843B683-C719-4B81-93EB-737591E6FD16}.Release|Any CPU.Build.0 = Release|Any CPU
		{D843B683-C719-4B81-93EB-737591E6FD16}.Debug|iPhoneSimulator.ActiveCfg = Debug|Any CPU
		{D843B683-C719-4B81-93EB-737591E6FD16}.Debug|iPhoneSimulator.Build.0 = Debug|Any CPU
		{D843B683-C719-4B81-93EB-737591E6FD16}.Release|iPhoneSimulator.ActiveCfg = Release|Any CPU
		{D843B683-C719-4B81-93EB-737591E6FD16}.Release|iPhoneSimulator.Build.0 = Release|Any CPU
		{D843B683-C719-4B81-93EB-737591E6FD16}.Debug|iPhone.ActiveCfg = Debug|Any CPU
		{D843B683-C719-4B81-93EB-737591E6FD16}.Debug|iPhone.Build.0 = Debug|Any CPU
		{D843B683-C719-4B81-93EB-737591E6FD16}.Release|iPhone.ActiveCfg = Release|Any CPU
		{D843B683-C719-4B81-93EB-737591E6FD16}.Release|iPhone.Build.0 = Release|Any CPU
		{61B8C96D-307C-43EC-B40B-E4A3BA449A73}.Debug|Any CPU.ActiveCfg = Debug|iPhoneSimulator
		{61B8C96D-307C-43EC-B40B-E4A3BA449A73}.Debug|Any CPU.Build.0 = Debug|iPhoneSimulator
		{61B8C96D-307C-43EC-B40B-E4A3BA449A73}.Release|Any CPU.ActiveCfg = Release|iPhoneSimulator
		{61B8C96D-307C-43EC-B40B-E4A3BA449A73}.Release|Any CPU.Build.0 = Release|iPhoneSimulator
		{61B8C96D-307C-43EC-B40B-E4A3BA449A73}.Debug|iPhoneSimulator.ActiveCfg = Debug|iPhoneSimulator
		{61B8C96D-307C-43EC-B40B-E4A3BA449A73}.Debug|iPhoneSimulator.Build.0 = Debug|iPhoneSimulator
		{61B8C96D-307C-43EC-B40B-E4A3BA449A73}.Release|iPhoneSimulator.ActiveCfg = Release|iPhoneSimulator
		{61B8C96D-307C-43EC-B40B-E4A3BA449A73}.Release|iPhoneSimulator.Build.0 = Release|iPhoneSimulator
		{61B8C96D-307C-43EC-B40B-E4A3BA449A73}.Debug|iPhone.ActiveCfg = Debug|iPhone
		{61B8C96D-307C-43EC-B40B-E4A3BA449A73}.Debug|iPhone.Build.0 = Debug|iPhone
		{61B8C96D-307C-43EC-B40B-E4A3BA449A73}.Release|iPhone.ActiveCfg = Release|iPhone
		{61B8C96D-307C-43EC-B40B-E4A3BA449A73}.Release|iPhone.Build.0 = Release|iPhone
		{3232F31E-2F48-44ED-8129-A4EF9F746D5D}.Debug|Any CPU.ActiveCfg = Debug|Any CPU
		{3232F31E-2F48-44ED-8129-A4EF9F746D5D}.Debug|Any CPU.Build.0 = Debug|Any CPU
		{3232F31E-2F48-44ED-8129-A4EF9F746D5D}.Release|Any CPU.ActiveCfg = Release|Any CPU
		{3232F31E-2F48-44ED-8129-A4EF9F746D5D}.Release|Any CPU.Build.0 = Release|Any CPU
		{3232F31E-2F48-44ED-8129-A4EF9F746D5D}.Debug|iPhoneSimulator.ActiveCfg = Debug|Any CPU
		{3232F31E-2F48-44ED-8129-A4EF9F746D5D}.Debug|iPhoneSimulator.Build.0 = Debug|Any CPU
		{3232F31E-2F48-44ED-8129-A4EF9F746D5D}.Release|iPhoneSimulator.ActiveCfg = Release|Any CPU
		{3232F31E-2F48-44ED-8129-A4EF9F746D5D}.Release|iPhoneSimulator.Build.0 = Release|Any CPU
		{3232F31E-2F48-44ED-8129-A4EF9F746D5D}.Debug|iPhone.ActiveCfg = Debug|Any CPU
		{3232F31E-2F48-44ED-8129-A4EF9F746D5D}.Debug|iPhone.Build.0 = Debug|Any CPU
		{3232F31E-2F48-44ED-8129-A4EF9F746D5D}.Release|iPhone.ActiveCfg = Release|Any CPU
		{3232F31E-2F48-44ED-8129-A4EF9F746D5D}.Release|iPhone.Build.0 = Release|Any CPU
	EndGlobalSection
EndGlobal
